// !$*UTF8*$!
{
	archiveVersion = 1;
	classes = {
	};
	objectVersion = 50;
	objects = {

/* Begin PBXBuildFile section */
		E399D481255C68F2008C5064 /* AppDelegate.swift in Sources */ = {isa = PBXBuildFile; fileRef = E399D480255C68F2008C5064 /* AppDelegate.swift */; };
		E399D483255C68F2008C5064 /* SceneDelegate.swift in Sources */ = {isa = PBXBuildFile; fileRef = E399D482255C68F2008C5064 /* SceneDelegate.swift */; };
		E399D485255C68F2008C5064 /* ViewController.swift in Sources */ = {isa = PBXBuildFile; fileRef = E399D484255C68F2008C5064 /* ViewController.swift */; };
		E399D48A255C68F4008C5064 /* Assets.xcassets in Resources */ = {isa = PBXBuildFile; fileRef = E399D489255C68F4008C5064 /* Assets.xcassets */; };
		E399D48D255C68F4008C5064 /* LaunchScreen.storyboard in Resources */ = {isa = PBXBuildFile; fileRef = E399D48B255C68F4008C5064 /* LaunchScreen.storyboard */; };
		E399D498255C68F4008C5064 /* TasksTests.swift in Sources */ = {isa = PBXBuildFile; fileRef = E399D497255C68F4008C5064 /* TasksTests.swift */; };
		E399D4A3255C68F4008C5064 /* TasksUITests.swift in Sources */ = {isa = PBXBuildFile; fileRef = E399D4A2255C68F4008C5064 /* TasksUITests.swift */; };
		E399D4B4255C7A40008C5064 /* EntryViewController.swift in Sources */ = {isa = PBXBuildFile; fileRef = E399D4B3255C7A40008C5064 /* EntryViewController.swift */; };
		E399D4B9255C7A79008C5064 /* TaskViewController.swift in Sources */ = {isa = PBXBuildFile; fileRef = E399D4B8255C7A79008C5064 /* TaskViewController.swift */; };
		E39C83052560783F00AE17B1 /* Main.storyboard in Resources */ = {isa = PBXBuildFile; fileRef = E39C83032560783F00AE17B1 /* Main.storyboard */; };
/* End PBXBuildFile section */

/* Begin PBXContainerItemProxy section */
		E399D494255C68F4008C5064 /* PBXContainerItemProxy */ = {
			isa = PBXContainerItemProxy;
			containerPortal = E399D475255C68F2008C5064 /* Project object */;
			proxyType = 1;
			remoteGlobalIDString = E399D47C255C68F2008C5064;
			remoteInfo = Tasks;
		};
		E399D49F255C68F4008C5064 /* PBXContainerItemProxy */ = {
			isa = PBXContainerItemProxy;
			containerPortal = E399D475255C68F2008C5064 /* Project object */;
			proxyType = 1;
			remoteGlobalIDString = E399D47C255C68F2008C5064;
			remoteInfo = Tasks;
		};
/* End PBXContainerItemProxy section */

/* Begin PBXFileReference section */
		E399D47D255C68F2008C5064 /* Tasks.app */ = {isa = PBXFileReference; explicitFileType = wrapper.application; includeInIndex = 0; path = Tasks.app; sourceTree = BUILT_PRODUCTS_DIR; };
		E399D480255C68F2008C5064 /* AppDelegate.swift */ = {isa = PBXFileReference; lastKnownFileType = sourcecode.swift; path = AppDelegate.swift; sourceTree = "<group>"; };
		E399D482255C68F2008C5064 /* SceneDelegate.swift */ = {isa = PBXFileReference; lastKnownFileType = sourcecode.swift; path = SceneDelegate.swift; sourceTree = "<group>"; };
		E399D484255C68F2008C5064 /* ViewController.swift */ = {isa = PBXFileReference; lastKnownFileType = sourcecode.swift; path = ViewController.swift; sourceTree = "<group>"; };
		E399D489255C68F4008C5064 /* Assets.xcassets */ = {isa = PBXFileReference; lastKnownFileType = folder.assetcatalog; path = Assets.xcassets; sourceTree = "<group>"; };
		E399D48C255C68F4008C5064 /* Base */ = {isa = PBXFileReference; lastKnownFileType = file.storyboard; name = Base; path = Base.lproj/LaunchScreen.storyboard; sourceTree = "<group>"; };
		E399D48E255C68F4008C5064 /* Info.plist */ = {isa = PBXFileReference; lastKnownFileType = text.plist.xml; path = Info.plist; sourceTree = "<group>"; };
		E399D493255C68F4008C5064 /* TasksTests.xctest */ = {isa = PBXFileReference; explicitFileType = wrapper.cfbundle; includeInIndex = 0; path = TasksTests.xctest; sourceTree = BUILT_PRODUCTS_DIR; };
		E399D497255C68F4008C5064 /* TasksTests.swift */ = {isa = PBXFileReference; lastKnownFileType = sourcecode.swift; path = TasksTests.swift; sourceTree = "<group>"; };
		E399D499255C68F4008C5064 /* Info.plist */ = {isa = PBXFileReference; lastKnownFileType = text.plist.xml; path = Info.plist; sourceTree = "<group>"; };
		E399D49E255C68F4008C5064 /* TasksUITests.xctest */ = {isa = PBXFileReference; explicitFileType = wrapper.cfbundle; includeInIndex = 0; path = TasksUITests.xctest; sourceTree = BUILT_PRODUCTS_DIR; };
		E399D4A2255C68F4008C5064 /* TasksUITests.swift */ = {isa = PBXFileReference; lastKnownFileType = sourcecode.swift; path = TasksUITests.swift; sourceTree = "<group>"; };
		E399D4A4255C68F4008C5064 /* Info.plist */ = {isa = PBXFileReference; lastKnownFileType = text.plist.xml; path = Info.plist; sourceTree = "<group>"; };
		E399D4B3255C7A40008C5064 /* EntryViewController.swift */ = {isa = PBXFileReference; lastKnownFileType = sourcecode.swift; path = EntryViewController.swift; sourceTree = "<group>"; };
		E399D4B8255C7A79008C5064 /* TaskViewController.swift */ = {isa = PBXFileReference; lastKnownFileType = sourcecode.swift; path = TaskViewController.swift; sourceTree = "<group>"; };
		E39C83042560783F00AE17B1 /* Base */ = {isa = PBXFileReference; lastKnownFileType = file.storyboard; name = Base; path = Base.lproj/Main.storyboard; sourceTree = "<group>"; };
/* End PBXFileReference section */

/* Begin PBXFrameworksBuildPhase section */
		E399D47A255C68F2008C5064 /* Frameworks */ = {
			isa = PBXFrameworksBuildPhase;
			buildActionMask = 2147483647;
			files = (
			);
			runOnlyForDeploymentPostprocessing = 0;
		};
		E399D490255C68F4008C5064 /* Frameworks */ = {
			isa = PBXFrameworksBuildPhase;
			buildActionMask = 2147483647;
			files = (
			);
			runOnlyForDeploymentPostprocessing = 0;
		};
		E399D49B255C68F4008C5064 /* Frameworks */ = {
			isa = PBXFrameworksBuildPhase;
			buildActionMask = 2147483647;
			files = (
			);
			runOnlyForDeploymentPostprocessing = 0;
		};
/* End PBXFrameworksBuildPhase section */

/* Begin PBXGroup section */
		E399D474255C68F2008C5064 = {
			isa = PBXGroup;
			children = (
				E399D47F255C68F2008C5064 /* Tasks */,
				E399D496255C68F4008C5064 /* TasksTests */,
				E399D4A1255C68F4008C5064 /* TasksUITests */,
				E399D47E255C68F2008C5064 /* Products */,
			);
			sourceTree = "<group>";
		};
		E399D47E255C68F2008C5064 /* Products */ = {
			isa = PBXGroup;
			children = (
				E399D47D255C68F2008C5064 /* Tasks.app */,
				E399D493255C68F4008C5064 /* TasksTests.xctest */,
				E399D49E255C68F4008C5064 /* TasksUITests.xctest */,
			);
			name = Products;
			sourceTree = "<group>";
		};
		E399D47F255C68F2008C5064 /* Tasks */ = {
			isa = PBXGroup;
			children = (
				E399D480255C68F2008C5064 /* AppDelegate.swift */,
				E399D482255C68F2008C5064 /* SceneDelegate.swift */,
				E399D484255C68F2008C5064 /* ViewController.swift */,
				E399D489255C68F4008C5064 /* Assets.xcassets */,
				E399D48B255C68F4008C5064 /* LaunchScreen.storyboard */,
				E39C83032560783F00AE17B1 /* Main.storyboard */,
				E399D48E255C68F4008C5064 /* Info.plist */,
				E399D4B3255C7A40008C5064 /* EntryViewController.swift */,
				E399D4B8255C7A79008C5064 /* TaskViewController.swift */,
			);
			path = Tasks;
			sourceTree = "<group>";
		};
		E399D496255C68F4008C5064 /* TasksTests */ = {
			isa = PBXGroup;
			children = (
				E399D497255C68F4008C5064 /* TasksTests.swift */,
				E399D499255C68F4008C5064 /* Info.plist */,
			);
			path = TasksTests;
			sourceTree = "<group>";
		};
		E399D4A1255C68F4008C5064 /* TasksUITests */ = {
			isa = PBXGroup;
			children = (
				E399D4A2255C68F4008C5064 /* TasksUITests.swift */,
				E399D4A4255C68F4008C5064 /* Info.plist */,
			);
			path = TasksUITests;
			sourceTree = "<group>";
		};
/* End PBXGroup section */

/* Begin PBXNativeTarget section */
		E399D47C255C68F2008C5064 /* Tasks */ = {
			isa = PBXNativeTarget;
			buildConfigurationList = E399D4A7255C68F4008C5064 /* Build configuration list for PBXNativeTarget "Tasks" */;
			buildPhases = (
				E399D479255C68F2008C5064 /* Sources */,
				E399D47A255C68F2008C5064 /* Frameworks */,
				E399D47B255C68F2008C5064 /* Resources */,
			);
			buildRules = (
			);
			dependencies = (
			);
			name = Tasks;
			productName = Tasks;
			productReference = E399D47D255C68F2008C5064 /* Tasks.app */;
			productType = "com.apple.product-type.application";
		};
		E399D492255C68F4008C5064 /* TasksTests */ = {
			isa = PBXNativeTarget;
			buildConfigurationList = E399D4AA255C68F4008C5064 /* Build configuration list for PBXNativeTarget "TasksTests" */;
			buildPhases = (
				E399D48F255C68F4008C5064 /* Sources */,
				E399D490255C68F4008C5064 /* Frameworks */,
				E399D491255C68F4008C5064 /* Resources */,
			);
			buildRules = (
			);
			dependencies = (
				E399D495255C68F4008C5064 /* PBXTargetDependency */,
			);
			name = TasksTests;
			productName = TasksTests;
			productReference = E399D493255C68F4008C5064 /* TasksTests.xctest */;
			productType = "com.apple.product-type.bundle.unit-test";
		};
		E399D49D255C68F4008C5064 /* TasksUITests */ = {
			isa = PBXNativeTarget;
			buildConfigurationList = E399D4AD255C68F4008C5064 /* Build configuration list for PBXNativeTarget "TasksUITests" */;
			buildPhases = (
				E399D49A255C68F4008C5064 /* Sources */,
				E399D49B255C68F4008C5064 /* Frameworks */,
				E399D49C255C68F4008C5064 /* Resources */,
			);
			buildRules = (
			);
			dependencies = (
				E399D4A0255C68F4008C5064 /* PBXTargetDependency */,
			);
			name = TasksUITests;
			productName = TasksUITests;
			productReference = E399D49E255C68F4008C5064 /* TasksUITests.xctest */;
			productType = "com.apple.product-type.bundle.ui-testing";
		};
/* End PBXNativeTarget section */

/* Begin PBXProject section */
		E399D475255C68F2008C5064 /* Project object */ = {
			isa = PBXProject;
			attributes = {
				LastSwiftUpdateCheck = 1200;
				LastUpgradeCheck = 1200;
				TargetAttributes = {
					E399D47C255C68F2008C5064 = {
						CreatedOnToolsVersion = 12.0.1;
					};
					E399D492255C68F4008C5064 = {
						CreatedOnToolsVersion = 12.0.1;
						TestTargetID = E399D47C255C68F2008C5064;
					};
					E399D49D255C68F4008C5064 = {
						CreatedOnToolsVersion = 12.0.1;
						TestTargetID = E399D47C255C68F2008C5064;
					};
				};
			};
			buildConfigurationList = E399D478255C68F2008C5064 /* Build configuration list for PBXProject "Tasks" */;
			compatibilityVersion = "Xcode 9.3";
			developmentRegion = en;
			hasScannedForEncodings = 0;
			knownRegions = (
				en,
				Base,
			);
			mainGroup = E399D474255C68F2008C5064;
			productRefGroup = E399D47E255C68F2008C5064 /* Products */;
			projectDirPath = "";
			projectRoot = "";
			targets = (
				E399D47C255C68F2008C5064 /* Tasks */,
				E399D492255C68F4008C5064 /* TasksTests */,
				E399D49D255C68F4008C5064 /* TasksUITests */,
			);
		};
/* End PBXProject section */

/* Begin PBXResourcesBuildPhase section */
		E399D47B255C68F2008C5064 /* Resources */ = {
			isa = PBXResourcesBuildPhase;
			buildActionMask = 2147483647;
			files = (
				E39C83052560783F00AE17B1 /* Main.storyboard in Resources */,
				E399D48D255C68F4008C5064 /* LaunchScreen.storyboard in Resources */,
				E399D48A255C68F4008C5064 /* Assets.xcassets in Resources */,
			);
			runOnlyForDeploymentPostprocessing = 0;
		};
		E399D491255C68F4008C5064 /* Resources */ = {
			isa = PBXResourcesBuildPhase;
			buildActionMask = 2147483647;
			files = (
			);
			runOnlyForDeploymentPostprocessing = 0;
		};
		E399D49C255C68F4008C5064 /* Resources */ = {
			isa = PBXResourcesBuildPhase;
			buildActionMask = 2147483647;
			files = (
			);
			runOnlyForDeploymentPostprocessing = 0;
		};
/* End PBXResourcesBuildPhase section */

/* Begin PBXSourcesBuildPhase section */
		E399D479255C68F2008C5064 /* Sources */ = {
			isa = PBXSourcesBuildPhase;
			buildActionMask = 2147483647;
			files = (
				E399D485255C68F2008C5064 /* ViewController.swift in Sources */,
				E399D4B4255C7A40008C5064 /* EntryViewController.swift in Sources */,
				E399D4B9255C7A79008C5064 /* TaskViewController.swift in Sources */,
				E399D481255C68F2008C5064 /* AppDelegate.swift in Sources */,
				E399D483255C68F2008C5064 /* SceneDelegate.swift in Sources */,
			);
			runOnlyForDeploymentPostprocessing = 0;
		};
		E399D48F255C68F4008C5064 /* Sources */ = {
			isa = PBXSourcesBuildPhase;
			buildActionMask = 2147483647;
			files = (
				E399D498255C68F4008C5064 /* TasksTests.swift in Sources */,
			);
			runOnlyForDeploymentPostprocessing = 0;
		};
		E399D49A255C68F4008C5064 /* Sources */ = {
			isa = PBXSourcesBuildPhase;
			buildActionMask = 2147483647;
			files = (
				E399D4A3255C68F4008C5064 /* TasksUITests.swift in Sources */,
			);
			runOnlyForDeploymentPostprocessing = 0;
		};
/* End PBXSourcesBuildPhase section */

/* Begin PBXTargetDependency section */
		E399D495255C68F4008C5064 /* PBXTargetDependency */ = {
			isa = PBXTargetDependency;
			target = E399D47C255C68F2008C5064 /* Tasks */;
			targetProxy = E399D494255C68F4008C5064 /* PBXContainerItemProxy */;
		};
		E399D4A0255C68F4008C5064 /* PBXTargetDependency */ = {
			isa = PBXTargetDependency;
			target = E399D47C255C68F2008C5064 /* Tasks */;
			targetProxy = E399D49F255C68F4008C5064 /* PBXContainerItemProxy */;
		};
/* End PBXTargetDependency section */

/* Begin PBXVariantGroup section */
		E399D48B255C68F4008C5064 /* LaunchScreen.storyboard */ = {
			isa = PBXVariantGroup;
			children = (
				E399D48C255C68F4008C5064 /* Base */,
			);
			name = LaunchScreen.storyboard;
			sourceTree = "<group>";
		};
		E39C83032560783F00AE17B1 /* Main.storyboard */ = {
			isa = PBXVariantGroup;
			children = (
				E39C83042560783F00AE17B1 /* Base */,
			);
			name = Main.storyboard;
			sourceTree = "<group>";
		};
/* End PBXVariantGroup section */

/* Begin XCBuildConfiguration section */
		E399D4A5255C68F4008C5064 /* Debug */ = {
			isa = XCBuildConfiguration;
			buildSettings = {
				ALWAYS_SEARCH_USER_PATHS = NO;
				CLANG_ANALYZER_NONNULL = YES;
				CLANG_ANALYZER_NUMBER_OBJECT_CONVERSION = YES_AGGRESSIVE;
				CLANG_CXX_LANGUAGE_STANDARD = "gnu++14";
				CLANG_CXX_LIBRARY = "libc++";
				CLANG_ENABLE_MODULES = YES;
				CLANG_ENABLE_OBJC_ARC = YES;
				CLANG_ENABLE_OBJC_WEAK = YES;
				CLANG_WARN_BLOCK_CAPTURE_AUTORELEASING = YES;
				CLANG_WARN_BOOL_CONVERSION = YES;
				CLANG_WARN_COMMA = YES;
				CLANG_WARN_CONSTANT_CONVERSION = YES;
				CLANG_WARN_DEPRECATED_OBJC_IMPLEMENTATIONS = YES;
				CLANG_WARN_DIRECT_OBJC_ISA_USAGE = YES_ERROR;
				CLANG_WARN_DOCUMENTATION_COMMENTS = YES;
				CLANG_WARN_EMPTY_BODY = YES;
				CLANG_WARN_ENUM_CONVERSION = YES;
				CLANG_WARN_INFINITE_RECURSION = YES;
				CLANG_WARN_INT_CONVERSION = YES;
				CLANG_WARN_NON_LITERAL_NULL_CONVERSION = YES;
				CLANG_WARN_OBJC_IMPLICIT_RETAIN_SELF = YES;
				CLANG_WARN_OBJC_LITERAL_CONVERSION = YES;
				CLANG_WARN_OBJC_ROOT_CLASS = YES_ERROR;
				CLANG_WARN_QUOTED_INCLUDE_IN_FRAMEWORK_HEADER = YES;
				CLANG_WARN_RANGE_LOOP_ANALYSIS = YES;
				CLANG_WARN_STRICT_PROTOTYPES = YES;
				CLANG_WARN_SUSPICIOUS_MOVE = YES;
				CLANG_WARN_UNGUARDED_AVAILABILITY = YES_AGGRESSIVE;
				CLANG_WARN_UNREACHABLE_CODE = YES;
				CLANG_WARN__DUPLICATE_METHOD_MATCH = YES;
				COPY_PHASE_STRIP = NO;
				DEBUG_INFORMATION_FORMAT = dwarf;
				ENABLE_STRICT_OBJC_MSGSEND = YES;
				ENABLE_TESTABILITY = YES;
				GCC_C_LANGUAGE_STANDARD = gnu11;
				GCC_DYNAMIC_NO_PIC = NO;
				GCC_NO_COMMON_BLOCKS = YES;
				GCC_OPTIMIZATION_LEVEL = 0;
				GCC_PREPROCESSOR_DEFINITIONS = (
					"DEBUG=1",
					"$(inherited)",
				);
				GCC_WARN_64_TO_32_BIT_CONVERSION = YES;
				GCC_WARN_ABOUT_RETURN_TYPE = YES_ERROR;
				GCC_WARN_UNDECLARED_SELECTOR = YES;
				GCC_WARN_UNINITIALIZED_AUTOS = YES_AGGRESSIVE;
				GCC_WARN_UNUSED_FUNCTION = YES;
				GCC_WARN_UNUSED_VARIABLE = YES;
				IPHONEOS_DEPLOYMENT_TARGET = 14.0;
				MTL_ENABLE_DEBUG_INFO = INCLUDE_SOURCE;
				MTL_FAST_MATH = YES;
				ONLY_ACTIVE_ARCH = YES;
				SDKROOT = iphoneos;
				SWIFT_ACTIVE_COMPILATION_CONDITIONS = DEBUG;
				SWIFT_OPTIMIZATION_LEVEL = "-Onone";
			};
			name = Debug;
		};
		E399D4A6255C68F4008C5064 /* Release */ = {
			isa = XCBuildConfiguration;
			buildSettings = {
				ALWAYS_SEARCH_USER_PATHS = NO;
				CLANG_ANALYZER_NONNULL = YES;
				CLANG_ANALYZER_NUMBER_OBJECT_CONVERSION = YES_AGGRESSIVE;
				CLANG_CXX_LANGUAGE_STANDARD = "gnu++14";
				CLANG_CXX_LIBRARY = "libc++";
				CLANG_ENABLE_MODULES = YES;
				CLANG_ENABLE_OBJC_ARC = YES;
				CLANG_ENABLE_OBJC_WEAK = YES;
				CLANG_WARN_BLOCK_CAPTURE_AUTORELEASING = YES;
				CLANG_WARN_BOOL_CONVERSION = YES;
				CLANG_WARN_COMMA = YES;
				CLANG_WARN_CONSTANT_CONVERSION = YES;
				CLANG_WARN_DEPRECATED_OBJC_IMPLEMENTATIONS = YES;
				CLANG_WARN_DIRECT_OBJC_ISA_USAGE = YES_ERROR;
				CLANG_WARN_DOCUMENTATION_COMMENTS = YES;
				CLANG_WARN_EMPTY_BODY = YES;
				CLANG_WARN_ENUM_CONVERSION = YES;
				CLANG_WARN_INFINITE_RECURSION = YES;
				CLANG_WARN_INT_CONVERSION = YES;
				CLANG_WARN_NON_LITERAL_NULL_CONVERSION = YES;
				CLANG_WARN_OBJC_IMPLICIT_RETAIN_SELF = YES;
				CLANG_WARN_OBJC_LITERAL_CONVERSION = YES;
				CLANG_WARN_OBJC_ROOT_CLASS = YES_ERROR;
				CLANG_WARN_QUOTED_INCLUDE_IN_FRAMEWORK_HEADER = YES;
				CLANG_WARN_RANGE_LOOP_ANALYSIS = YES;
				CLANG_WARN_STRICT_PROTOTYPES = YES;
				CLANG_WARN_SUSPICIOUS_MOVE = YES;
				CLANG_WARN_UNGUARDED_AVAILABILITY = YES_AGGRESSIVE;
				CLANG_WARN_UNREACHABLE_CODE = YES;
				CLANG_WARN__DUPLICATE_METHOD_MATCH = YES;
				COPY_PHASE_STRIP = NO;
				DEBUG_INFORMATION_FORMAT = "dwarf-with-dsym";
				ENABLE_NS_ASSERTIONS = NO;
				ENABLE_STRICT_OBJC_MSGSEND = YES;
				GCC_C_LANGUAGE_STANDARD = gnu11;
				GCC_NO_COMMON_BLOCKS = YES;
				GCC_WARN_64_TO_32_BIT_CONVERSION = YES;
				GCC_WARN_ABOUT_RETURN_TYPE = YES_ERROR;
				GCC_WARN_UNDECLARED_SELECTOR = YES;
				GCC_WARN_UNINITIALIZED_AUTOS = YES_AGGRESSIVE;
				GCC_WARN_UNUSED_FUNCTION = YES;
				GCC_WARN_UNUSED_VARIABLE = YES;
				IPHONEOS_DEPLOYMENT_TARGET = 14.0;
				MTL_ENABLE_DEBUG_INFO = NO;
				MTL_FAST_MATH = YES;
				SDKROOT = iphoneos;
				SWIFT_COMPILATION_MODE = wholemodule;
				SWIFT_OPTIMIZATION_LEVEL = "-O";
				VALIDATE_PRODUCT = YES;
			};
			name = Release;
		};
		E399D4A8255C68F4008C5064 /* Debug */ = {
			isa = XCBuildConfiguration;
			buildSettings = {
				ASSETCATALOG_COMPILER_APPICON_NAME = AppIcon;
				ASSETCATALOG_COMPILER_GLOBAL_ACCENT_COLOR_NAME = AccentColor;
				CODE_SIGN_STYLE = Automatic;
				INFOPLIST_FILE = Tasks/Info.plist;
				LD_RUNPATH_SEARCH_PATHS = (
					"$(inherited)",
					"@executable_path/Frameworks",
				);
				PRODUCT_BUNDLE_IDENTIFIER = "-234.Tasks";
				PRODUCT_NAME = "$(TARGET_NAME)";
				SWIFT_VERSION = 5.0;
				TARGETED_DEVICE_FAMILY = "1,2";
			};
			name = Debug;
		};
		E399D4A9255C68F4008C5064 /* Release */ = {
			isa = XCBuildConfiguration;
			buildSettings = {
				ASSETCATALOG_COMPILER_APPICON_NAME = AppIcon;
				ASSETCATALOG_COMPILER_GLOBAL_ACCENT_COLOR_NAME = AccentColor;
				CODE_SIGN_STYLE = Automatic;
				INFOPLIST_FILE = Tasks/Info.plist;
				LD_RUNPATH_SEARCH_PATHS = (
					"$(inherited)",
					"@executable_path/Frameworks",
				);
				PRODUCT_BUNDLE_IDENTIFIER = "-234.Tasks";
				PRODUCT_NAME = "$(TARGET_NAME)";
				SWIFT_VERSION = 5.0;
				TARGETED_DEVICE_FAMILY = "1,2";
			};
			name = Release;
		};
		E399D4AB255C68F4008C5064 /* Debug */ = {
			isa = XCBuildConfiguration;
			buildSettings = {
				ALWAYS_EMBED_SWIFT_STANDARD_LIBRARIES = YES;
				BUNDLE_LOADER = "$(TEST_HOST)";
				CODE_SIGN_STYLE = Automatic;
				INFOPLIST_FILE = TasksTests/Info.plist;
				IPHONEOS_DEPLOYMENT_TARGET = 14.0;
				LD_RUNPATH_SEARCH_PATHS = (
					"$(inherited)",
					"@executable_path/Frameworks",
					"@loader_path/Frameworks",
				);
				PRODUCT_BUNDLE_IDENTIFIER = "-234.TasksTests";
				PRODUCT_NAME = "$(TARGET_NAME)";
				SWIFT_VERSION = 5.0;
				TARGETED_DEVICE_FAMILY = "1,2";
				TEST_HOST = "$(BUILT_PRODUCTS_DIR)/Tasks.app/Tasks";
			};
			name = Debug;
		};
		E399D4AC255C68F4008C5064 /* Release */ = {
			isa = XCBuildConfiguration;
			buildSettings = {
				ALWAYS_EMBED_SWIFT_STANDARD_LIBRARIES = YES;
				BUNDLE_LOADER = "$(TEST_HOST)";
				CODE_SIGN_STYLE = Automatic;
				INFOPLIST_FILE = TasksTests/Info.plist;
				IPHONEOS_DEPLOYMENT_TARGET = 14.0;
				LD_RUNPATH_SEARCH_PATHS = (
					"$(inherited)",
					"@executable_path/Frameworks",
					"@loader_path/Frameworks",
				);
				PRODUCT_BUNDLE_IDENTIFIER = "-234.TasksTests";
				PRODUCT_NAME = "$(TARGET_NAME)";
				SWIFT_VERSION = 5.0;
				TARGETED_DEVICE_FAMILY = "1,2";
				TEST_HOST = "$(BUILT_PRODUCTS_DIR)/Tasks.app/Tasks";
			};
			name = Release;
		};
		E399D4AE255C68F4008C5064 /* Debug */ = {
			isa = XCBuildConfiguration;
			buildSettings = {
				ALWAYS_EMBED_SWIFT_STANDARD_LIBRARIES = YES;
				CODE_SIGN_STYLE = Automatic;
				INFOPLIST_FILE = TasksUITests/Info.plist;
				LD_RUNPATH_SEARCH_PATHS = (
					"$(inherited)",
					"@executable_path/Frameworks",
					"@loader_path/Frameworks",
				);
				PRODUCT_BUNDLE_IDENTIFIER = "-234.TasksUITests";
				PRODUCT_NAME = "$(TARGET_NAME)";
				SWIFT_VERSION = 5.0;
				TARGETED_DEVICE_FAMILY = "1,2";
				TEST_TARGET_NAME = Tasks;
			};
			name = Debug;
		};
		E399D4AF255C68F4008C5064 /* Release */ = {
			isa = XCBuildConfiguration;
			buildSettings = {
				ALWAYS_EMBED_SWIFT_STANDARD_LIBRARIES = YES;
				CODE_SIGN_STYLE = Automatic;
				INFOPLIST_FILE = TasksUITests/Info.plist;
				LD_RUNPATH_SEARCH_PATHS = (
					"$(inherited)",
					"@executable_path/Frameworks",
					"@loader_path/Frameworks",
				);
				PRODUCT_BUNDLE_IDENTIFIER = "-234.TasksUITests";
				PRODUCT_NAME = "$(TARGET_NAME)";
				SWIFT_VERSION = 5.0;
				TARGETED_DEVICE_FAMILY = "1,2";
				TEST_TARGET_NAME = Tasks;
			};
			name = Release;
		};
/* End XCBuildConfiguration section */

/* Begin XCConfigurationList section */
		E399D478255C68F2008C5064 /* Build configuration list for PBXProject "Tasks" */ = {
			isa = XCConfigurationList;
			buildConfigurations = (
				E399D4A5255C68F4008C5064 /* Debug */,
				E399D4A6255C68F4008C5064 /* Release */,
			);
			defaultConfigurationIsVisible = 0;
			defaultConfigurationName = Release;
		};
		E399D4A7255C68F4008C5064 /* Build configuration list for PBXNativeTarget "Tasks" */ = {
			isa = XCConfigurationList;
			buildConfigurations = (
				E399D4A8255C68F4008C5064 /* Debug */,
				E399D4A9255C68F4008C5064 /* Release */,
			);
			defaultConfigurationIsVisible = 0;
			defaultConfigurationName = Release;
		};
		E399D4AA255C68F4008C5064 /* Build configuration list for PBXNativeTarget "TasksTests" */ = {
			isa = XCConfigurationList;
			buildConfigurations = (
				E399D4AB255C68F4008C5064 /* Debug */,
				E399D4AC255C68F4008C5064 /* Release */,
			);
			defaultConfigurationIsVisible = 0;
			defaultConfigurationName = Release;
		};
		E399D4AD255C68F4008C5064 /* Build configuration list for PBXNativeTarget "TasksUITests" */ = {
			isa = XCConfigurationList;
			buildConfigurations = (
				E399D4AE255C68F4008C5064 /* Debug */,
				E399D4AF255C68F4008C5064 /* Release */,
			);
			defaultConfigurationIsVisible = 0;
			defaultConfigurationName = Release;
		};
/* End XCConfigurationList section */
	};
	rootObject = E399D475255C68F2008C5064 /* Project object */;
}
